
Microsoft Visual Studio Solution File, Format Version 12.00
# Visual Studio 15
VisualStudioVersion = 15.0.26228.4
MinimumVisualStudioVersion = 10.0.40219.1
Project("{FAE04EC0-301F-11D3-BF4B-00C04F79EFBC}") = "TransactionDz", "TransactionDz\TransactionDz.csproj", "{34F3B79A-EE95-499C-BCC2-AF5FDB36B08D}"
EndProject
Global
	GlobalSection(SolutionConfigurationPlatforms) = preSolution
		Debug|Any CPU = Debug|Any CPU
		Release|Any CPU = Release|Any CPU
	EndGlobalSection
	GlobalSection(ProjectConfigurationPlatforms) = postSolution
		{34F3B79A-EE95-499C-BCC2-AF5FDB36B08D}.Debug|Any CPU.ActiveCfg = Debug|Any CPU
		{34F3B79A-EE95-499C-BCC2-AF5FDB36B08D}.Debug|Any CPU.Build.0 = Debug|Any CPU
		{34F3B79A-EE95-499C-BCC2-AF5FDB36B08D}.Release|Any CPU.ActiveCfg = Release|Any CPU
		{34F3B79A-EE95-499C-BCC2-AF5FDB36B08D}.Release|Any CPU.Build.0 = Release|Any CPU
	EndGlobalSection
	GlobalSection(SolutionProperties) = preSolution
		HideSolutionNode = FALSE
	EndGlobalSection
EndGlobal
